{
    "_readme": [
        "This file locks the dependencies of your project to a known state",
        "Read more about it at https://getcomposer.org/doc/01-basic-usage.md#installing-dependencies",
        "This file is @generated automatically"
    ],
    "content-hash": "05068c463e7c9d3df89f665e08751d92",
    "packages": [
        {
            "name": "laminas/laminas-escaper",
            "version": "2.18.0",
            "source": {
                "type": "git",
                "url": "https://github.com/laminas/laminas-escaper.git",
                "reference": "06f211dfffff18d91844c1f55250d5d13c007e18"
            },
            "dist": {
                "type": "zip",
                "url": "https://api.github.com/repos/laminas/laminas-escaper/zipball/06f211dfffff18d91844c1f55250d5d13c007e18",
                "reference": "06f211dfffff18d91844c1f55250d5d13c007e18",
                "shasum": ""
            },
            "require": {
                "ext-ctype": "*",
                "ext-mbstring": "*",
                "php": "~8.2.0 || ~8.3.0 || ~8.4.0 || ~8.5.0"
            },
            "conflict": {
                "zendframework/zend-escaper": "*"
            },
            "require-dev": {
                "infection/infection": "^0.31.0",
                "laminas/laminas-coding-standard": "~3.1.0",
                "phpunit/phpunit": "^11.5.42",
                "psalm/plugin-phpunit": "^0.19.5",
                "vimeo/psalm": "^6.13.1"
            },
            "type": "library",
            "autoload": {
                "psr-4": {
                    "Laminas\\Escaper\\": "src/"
                }
            },
            "notification-url": "https://packagist.org/downloads/",
            "license": [
                "BSD-3-Clause"
            ],
            "description": "Securely and safely escape HTML, HTML attributes, JavaScript, CSS, and URLs",
            "homepage": "https://laminas.dev",
            "keywords": [
                "escaper",
                "laminas"
            ],
            "support": {
                "chat": "https://laminas.dev/chat",
                "docs": "https://docs.laminas.dev/laminas-escaper/",
                "forum": "https://discourse.laminas.dev",
                "issues": "https://github.com/laminas/laminas-escaper/issues",
                "rss": "https://github.com/laminas/laminas-escaper/releases.atom",
                "source": "https://github.com/laminas/laminas-escaper"
            },
            "funding": [
                {
                    "url": "https://funding.communitybridge.org/projects/laminas-project",
                    "type": "community_bridge"
                }
            ],
            "time": "2025-10-14T18:31:13+00:00"
        },
        {
            "name": "laminas/laminas-feed",
            "version": "2.26.0",
            "source": {
                "type": "git",
                "url": "https://github.com/laminas/laminas-feed.git",
                "reference": "76f537d457bace6d57aa483fccfc676198d5fca7"
            },
            "dist": {
                "type": "zip",
                "url": "https://api.github.com/repos/laminas/laminas-feed/zipball/76f537d457bace6d57aa483fccfc676198d5fca7",
                "reference": "76f537d457bace6d57aa483fccfc676198d5fca7",
                "shasum": ""
            },
            "require": {
                "ext-dom": "*",
                "ext-filter": "*",
                "ext-libxml": "*",
                "laminas/laminas-escaper": "^2.9",
                "laminas/laminas-stdlib": "^3.6",
                "php": "~8.2.0 || ~8.3.0 || ~8.4.0 || ~8.5.0"
            },
            "conflict": {
                "laminas/laminas-servicemanager": "<3.3",
                "zendframework/zend-feed": "*"
            },
            "require-dev": {
                "laminas/laminas-cache": "^2.13.2 || ^3.12",
                "laminas/laminas-cache-storage-adapter-memory": "^1.1.0 || ^2.3",
                "laminas/laminas-coding-standard": "~2.5.0",
                "laminas/laminas-db": "^2.18",
                "laminas/laminas-http": "^2.19",
                "laminas/laminas-servicemanager": "^3.22.1",
                "laminas/laminas-validator": "^2.46",
                "phpunit/phpunit": "^10.5.5",
                "psalm/plugin-phpunit": "^0.19.0",
                "psr/http-message": "^2.0",
                "vimeo/psalm": "^5.18.0"
            },
            "suggest": {
                "laminas/laminas-cache": "Laminas\\Cache component, for optionally caching feeds between requests",
                "laminas/laminas-db": "Laminas\\Db component, for use with PubSubHubbub",
                "laminas/laminas-http": "Laminas\\Http for PubSubHubbub, and optionally for use with Laminas\\Feed\\Reader",
                "laminas/laminas-servicemanager": "Laminas\\ServiceManager component, for easily extending ExtensionManager implementations",
                "laminas/laminas-validator": "Laminas\\Validator component, for validating email addresses used in Atom feeds and entries when using the Writer subcomponent",
                "psr/http-message": "PSR-7 ^1.0.1, if you wish to use Laminas\\Feed\\Reader\\Http\\Psr7ResponseDecorator"
            },
            "type": "library",
            "autoload": {
                "psr-4": {
                    "Laminas\\Feed\\": "src/"
                }
            },
            "notification-url": "https://packagist.org/downloads/",
            "license": [
                "BSD-3-Clause"
            ],
            "description": "provides functionality for creating and consuming RSS and Atom feeds",
            "homepage": "https://laminas.dev",
            "keywords": [
                "atom",
                "feed",
                "laminas",
                "rss"
            ],
            "support": {
                "chat": "https://laminas.dev/chat",
                "docs": "https://docs.laminas.dev/laminas-feed/",
                "forum": "https://discourse.laminas.dev",
                "issues": "https://github.com/laminas/laminas-feed/issues",
                "rss": "https://github.com/laminas/laminas-feed/releases.atom",
                "source": "https://github.com/laminas/laminas-feed"
            },
            "funding": [
                {
                    "url": "https://funding.communitybridge.org/projects/laminas-project",
                    "type": "community_bridge"
                }
            ],
            "time": "2025-12-19T11:28:10+00:00"
        },
        {
            "name": "laminas/laminas-stdlib",
            "version": "3.21.0",
            "source": {
                "type": "git",
                "url": "https://github.com/laminas/laminas-stdlib.git",
                "reference": "b1c81514cfe158aadf724c42b34d3d0a8164c096"
            },
            "dist": {
                "type": "zip",
                "url": "https://api.github.com/repos/laminas/laminas-stdlib/zipball/b1c81514cfe158aadf724c42b34d3d0a8164c096",
                "reference": "b1c81514cfe158aadf724c42b34d3d0a8164c096",
                "shasum": ""
            },
            "require": {
                "php": "~8.2.0 || ~8.3.0 || ~8.4.0 || ~8.5.0"
            },
            "conflict": {
                "zendframework/zend-stdlib": "*"
            },
            "require-dev": {
                "laminas/laminas-coding-standard": "^3.1.0",
                "phpbench/phpbench": "^1.4.1",
                "phpunit/phpunit": "^11.5.42",
                "psalm/plugin-phpunit": "^0.19.5",
                "vimeo/psalm": "^6.13.1"
            },
            "type": "library",
            "autoload": {
                "psr-4": {
                    "Laminas\\Stdlib\\": "src/"
                }
            },
            "notification-url": "https://packagist.org/downloads/",
            "license": [
                "BSD-3-Clause"
            ],
            "description": "SPL extensions, array utilities, error handlers, and more",
            "homepage": "https://laminas.dev",
            "keywords": [
                "laminas",
                "stdlib"
            ],
            "support": {
                "chat": "https://laminas.dev/chat",
                "docs": "https://docs.laminas.dev/laminas-stdlib/",
                "forum": "https://discourse.laminas.dev",
                "issues": "https://github.com/laminas/laminas-stdlib/issues",
                "rss": "https://github.com/laminas/laminas-stdlib/releases.atom",
                "source": "https://github.com/laminas/laminas-stdlib"
            },
            "funding": [
                {
                    "url": "https://funding.communitybridge.org/projects/laminas-project",
                    "type": "community_bridge"
                }
            ],
            "time": "2025-10-11T18:13:12+00:00"
        }
    ],
    "packages-dev": [],
    "aliases": [],
    "minimum-stability": "stable",
    "stability-flags": {},
    "prefer-stable": false,
    "prefer-lowest": false,
    "platform": {},
    "platform-dev": {},
    "plugin-api-version": "2.9.0"
}
